
Microsoft Visual Studio Solution File, Format Version 12.00
# Visual Studio Version 16
VisualStudioVersion = 16.0.30611.23
MinimumVisualStudioVersion = 10.0.40219.1
Project("{FAE04EC0-301F-11D3-BF4B-00C04F79EFBC}") = "Valadator", "Valadator.csproj", "{54D30B6D-210A-4224-A3E7-491AE4CD0E8F}"
EndProject
Global
	GlobalSection(SolutionConfigurationPlatforms) = preSolution
		Debug|Any CPU = Debug|Any CPU
		Release|Any CPU = Release|Any CPU
	EndGlobalSection
	GlobalSection(ProjectConfigurationPlatforms) = postSolution
		{54D30B6D-210A-4224-A3E7-491AE4CD0E8F}.Debug|Any CPU.ActiveCfg = Debug|Any CPU
		{54D30B6D-210A-4224-A3E7-491AE4CD0E8F}.Debug|Any CPU.Build.0 = Debug|Any CPU
		{54D30B6D-210A-4224-A3E7-491AE4CD0E8F}.Release|Any CPU.ActiveCfg = Release|Any CPU
		{54D30B6D-210A-4224-A3E7-491AE4CD0E8F}.Release|Any CPU.Build.0 = Release|Any CPU
	EndGlobalSection
	GlobalSection(SolutionProperties) = preSolution
		HideSolutionNode = FALSE
	EndGlobalSection
	GlobalSection(ExtensibilityGlobals) = postSolution
		SolutionGuid = {2BC7766D-24CD-4630-808C-97D95EBDC116}
	EndGlobalSection
EndGlobal
